
Microsoft Visual Studio Solution File, Format Version 12.00
# Visual Studio Version 16
VisualStudioVersion = 16.0.35026.282
MinimumVisualStudioVersion = 10.0.40219.1
Project("{FAE04EC0-301F-11D3-BF4B-00C04F79EFBC}") = "EczaneOtomasyon", "EczaneOtomasyon\EczaneOtomasyon.csproj", "{016551F5-DF01-4ED5-B109-6D973214937A}"
EndProject
Global
	GlobalSection(SolutionConfigurationPlatforms) = preSolution
		Debug|Any CPU = Debug|Any CPU
		Release|Any CPU = Release|Any CPU
	EndGlobalSection
	GlobalSection(ProjectConfigurationPlatforms) = postSolution
		{016551F5-DF01-4ED5-B109-6D973214937A}.Debug|Any CPU.ActiveCfg = Debug|Any CPU
		{016551F5-DF01-4ED5-B109-6D973214937A}.Debug|Any CPU.Build.0 = Debug|Any CPU
		{016551F5-DF01-4ED5-B109-6D973214937A}.Release|Any CPU.ActiveCfg = Release|Any CPU
		{016551F5-DF01-4ED5-B109-6D973214937A}.Release|Any CPU.Build.0 = Release|Any CPU
	EndGlobalSection
	GlobalSection(SolutionProperties) = preSolution
		HideSolutionNode = FALSE
	EndGlobalSection
	GlobalSection(ExtensibilityGlobals) = postSolution
		SolutionGuid = {FF5EE5C7-7CFA-4E29-9C79-382524CB5BB3}
	EndGlobalSection
EndGlobal
